
Microsoft Visual Studio Solution File, Format Version 12.00
# Visual Studio Version 16
VisualStudioVersion = 16.0.31702.278
MinimumVisualStudioVersion = 10.0.40219.1
Project("{FAE04EC0-301F-11D3-BF4B-00C04F79EFBC}") = "Örnek4", "Örnek4\Örnek4.csproj", "{45655F98-05F4-4871-AA5D-2CCBA349A4C6}"
EndProject
Global
	GlobalSection(SolutionConfigurationPlatforms) = preSolution
		Debug|Any CPU = Debug|Any CPU
		Release|Any CPU = Release|Any CPU
	EndGlobalSection
	GlobalSection(ProjectConfigurationPlatforms) = postSolution
		{45655F98-05F4-4871-AA5D-2CCBA349A4C6}.Debug|Any CPU.ActiveCfg = Debug|Any CPU
		{45655F98-05F4-4871-AA5D-2CCBA349A4C6}.Debug|Any CPU.Build.0 = Debug|Any CPU
		{45655F98-05F4-4871-AA5D-2CCBA349A4C6}.Release|Any CPU.ActiveCfg = Release|Any CPU
		{45655F98-05F4-4871-AA5D-2CCBA349A4C6}.Release|Any CPU.Build.0 = Release|Any CPU
	EndGlobalSection
	GlobalSection(SolutionProperties) = preSolution
		HideSolutionNode = FALSE
	EndGlobalSection
	GlobalSection(ExtensibilityGlobals) = postSolution
		SolutionGuid = {BC191A7A-1360-4DCB-8378-49E50EBE4AEA}
	EndGlobalSection
EndGlobal
